
Microsoft Visual Studio Solution File, Format Version 12.00
# Visual Studio 2015
Project("{FAE04EC0-301F-11D3-BF4B-00C04F79EFBC}") = "MagnoliaSkyCouriers-Wesley-ver.CSharp", "MagnoliaSkyCouriers-Wesley-ver.CSharp.csproj", "{35CC3591-3DCD-03E6-F2BB-BBC2D82FF388}"
EndProject
Global
	GlobalSection(SolutionConfigurationPlatforms) = preSolution
		Debug|Any CPU = Debug|Any CPU
		Release|Any CPU = Release|Any CPU
	EndGlobalSection
	GlobalSection(ProjectConfigurationPlatforms) = postSolution
		{35CC3591-3DCD-03E6-F2BB-BBC2D82FF388}.Debug|Any CPU.ActiveCfg = Debug|Any CPU
		{35CC3591-3DCD-03E6-F2BB-BBC2D82FF388}.Debug|Any CPU.Build.0 = Debug|Any CPU
		{35CC3591-3DCD-03E6-F2BB-BBC2D82FF388}.Release|Any CPU.ActiveCfg = Release|Any CPU
		{35CC3591-3DCD-03E6-F2BB-BBC2D82FF388}.Release|Any CPU.Build.0 = Release|Any CPU
	EndGlobalSection
	GlobalSection(SolutionProperties) = preSolution
		HideSolutionNode = FALSE
	EndGlobalSection
EndGlobal
